{
    "name": "com.beachvolleydeluxe.scoreboard",
    "version": "1.0.0",
    "lockfileVersion": 1,
    "dependencies": {
        "cordova-plugin-insomnia": {
            "version": "git+https://github.com/EddyVerbruggen/Insomnia-PhoneGap-Plugin.git#8d2c3b01fc0c11d9bc36bc1b5f9a141bd097f908"
        }
    }
}
